{"agenix":{"hash":"sha256-9VnK6Oqai65puVJ4WYtCTvlJeXxMzAp/69HhQuTdl/I=","hashType":"sha256","ref":"HEAD","repo":"https://v6.gh-proxy.org/https://github.com/ryantm/agenix","rev":"b027ee29d959fda4b60b57566d64c98a202e0feb","url":"https://v6.gh-proxy.org/https://github.com/ryantm/agenix/archive/b027ee29d959fda4b60b57566d64c98a202e0feb.tar.gz"},"hjem":{"hash":"sha256-qwppDYdtxqtDpI1iSp7bs8prOJ0KQSvhJchfROD04f0=","hashType":"sha256","ref":"HEAD","repo":"https://v6.gh-proxy.org/https://github.com/feel-co/hjem","rev":"b610953d0c56da6b28fd39c21bd193b88e91341c","url":"https://v6.gh-proxy.org/https://github.com/feel-co/hjem/archive/b610953d0c56da6b28fd39c21bd193b88e91341c.tar.gz"},"nixpkgs":{"channel":"nixos-26.05@nixos-26.05","hash":"sha256-wu478baUvGLzcIMCGz8eKqSJa2uzjoUGpYSh/LTXtxo=","hashType":"sha256","mirror":"https://mirror.nju.edu.cn/nix-channels/releases","rev":"nixos-26.05@nixos-26.05.7526.9f78f44a8794","url":"https://mirror.nju.edu.cn/nix-channels/releases/nixos-26.05@nixos-26.05.7526.9f78f44a8794/nixexprs.tar.xz"}}