{"agenix":{"hash":"sha256-9VnK6Oqai65puVJ4WYtCTvlJeXxMzAp/69HhQuTdl/I=","hashType":"sha256","ref":"HEAD","repo":"https://v6.gh-proxy.org/https://github.com/ryantm/agenix","rev":"b027ee29d959fda4b60b57566d64c98a202e0feb","url":"https://v6.gh-proxy.org/https://github.com/ryantm/agenix/archive/b027ee29d959fda4b60b57566d64c98a202e0feb.tar.gz"},"hjem":{"hash":"sha256-qwppDYdtxqtDpI1iSp7bs8prOJ0KQSvhJchfROD04f0=","hashType":"sha256","ref":"HEAD","repo":"https://v6.gh-proxy.org/https://github.com/feel-co/hjem","rev":"b610953d0c56da6b28fd39c21bd193b88e91341c","url":"https://v6.gh-proxy.org/https://github.com/feel-co/hjem/archive/b610953d0c56da6b28fd39c21bd193b88e91341c.tar.gz"},"ncro":{"hash":"sha256-Ixz0rc6rnDEgNG6Cw2LJRdKxGjMbdy9bC9ncjAU+SmA=","hashType":"sha256","ref":"HEAD","repo":"https://v6.gh-proxy.org/https://github.com/manic-systems/ncro","rev":"3cc83303cc859901eb4330e9c4319b61f6ba1ffc","url":"https://v6.gh-proxy.org/https://github.com/manic-systems/ncro/archive/3cc83303cc859901eb4330e9c4319b61f6ba1ffc.tar.gz"},"nixos-core":{"hash":"sha256-j1htlu4Gf+o/Uplx3A+GrtvkyffYaj5NuG7pWLnUWRU=","hashType":"sha256","ref":"HEAD","repo":"https://v6.gh-proxy.org/https://github.com/manic-systems/nixos-core","rev":"27099d734184ff9d83cb6921f1d4edd2849b2413","url":"https://v6.gh-proxy.org/https://github.com/manic-systems/nixos-core/archive/27099d734184ff9d83cb6921f1d4edd2849b2413.tar.gz"},"nixpkgs":{"channel":"nixos-26.05@nixos-26.05","hash":"sha256-wu478baUvGLzcIMCGz8eKqSJa2uzjoUGpYSh/LTXtxo=","hashType":"sha256","mirror":"https://mirror.nju.edu.cn/nix-channels/releases","rev":"nixos-26.05@nixos-26.05.7526.9f78f44a8794","url":"https://mirror.nju.edu.cn/nix-channels/releases/nixos-26.05@nixos-26.05.7526.9f78f44a8794/nixexprs.tar.xz"}}