{"agenix":{"hash":"sha256-9VnK6Oqai65puVJ4WYtCTvlJeXxMzAp/69HhQuTdl/I=","hashType":"sha256","ref":"HEAD","repo":"https://v6.gh-proxy.org/https://github.com/ryantm/agenix","rev":"b027ee29d959fda4b60b57566d64c98a202e0feb","url":"https://v6.gh-proxy.org/https://github.com/ryantm/agenix/archive/b027ee29d959fda4b60b57566d64c98a202e0feb.tar.gz"},"hjem":{"hash":"sha256-qwppDYdtxqtDpI1iSp7bs8prOJ0KQSvhJchfROD04f0=","hashType":"sha256","ref":"HEAD","repo":"https://v6.gh-proxy.org/https://github.com/feel-co/hjem","rev":"d248f0e4f7abd6e1f0eb9ace778dd7928481943e","url":"https://v6.gh-proxy.org/https://github.com/feel-co/hjem/archive/d248f0e4f7abd6e1f0eb9ace778dd7928481943e.tar.gz"},"ncro":{"hash":"sha256-Ixz0rc6rnDEgNG6Cw2LJRdKxGjMbdy9bC9ncjAU+SmA=","hashType":"sha256","ref":"HEAD","repo":"https://v6.gh-proxy.org/https://github.com/manic-systems/ncro","rev":"efc8bb3a705b9bc6d8de89e9477e41ef1c094054","url":"https://v6.gh-proxy.org/https://github.com/manic-systems/ncro/archive/efc8bb3a705b9bc6d8de89e9477e41ef1c094054.tar.gz"},"nixos-core":{"hash":"sha256-j1htlu4Gf+o/Uplx3A+GrtvkyffYaj5NuG7pWLnUWRU=","hashType":"sha256","ref":"HEAD","repo":"https://v6.gh-proxy.org/https://github.com/manic-systems/nixos-core","rev":"2759f02d6bb7d1b5bcf4ae99038ab54148f91698","url":"https://v6.gh-proxy.org/https://github.com/manic-systems/nixos-core/archive/2759f02d6bb7d1b5bcf4ae99038ab54148f91698.tar.gz"},"nixpkgs":{"channel":"nixos-26.05@nixos-26.05","hash":"sha256-wu478baUvGLzcIMCGz8eKqSJa2uzjoUGpYSh/LTXtxo=","hashType":"sha256","mirror":"https://mirror.nju.edu.cn/nix-channels/releases","rev":"nixos-26.05@nixos-26.05.8255.a9e6d84f9c2f","url":"https://mirror.nju.edu.cn/nix-channels/releases/nixos-26.05@nixos-26.05.8255.a9e6d84f9c2f/nixexprs.tar.xz"}}